
Microsoft Visual Studio Solution File, Format Version 12.00
# Visual Studio 14
VisualStudioVersion = 14.0.25123.0
MinimumVisualStudioVersion = 10.0.40219.1
Project("{FAE04EC0-301F-11D3-BF4B-00C04F79EFBC}") = "SingnalRExample", "SingnalRExample\SingnalRExample.csproj", "{7B380133-45C8-4549-B45F-A885117D1333}"
EndProject
Global
	GlobalSection(SolutionConfigurationPlatforms) = preSolution
		Debug|Any CPU = Debug|Any CPU
		Release|Any CPU = Release|Any CPU
	EndGlobalSection
	GlobalSection(ProjectConfigurationPlatforms) = postSolution
		{7B380133-45C8-4549-B45F-A885117D1333}.Debug|Any CPU.ActiveCfg = Debug|Any CPU
		{7B380133-45C8-4549-B45F-A885117D1333}.Debug|Any CPU.Build.0 = Debug|Any CPU
		{7B380133-45C8-4549-B45F-A885117D1333}.Release|Any CPU.ActiveCfg = Release|Any CPU
		{7B380133-45C8-4549-B45F-A885117D1333}.Release|Any CPU.Build.0 = Release|Any CPU
	EndGlobalSection
	GlobalSection(SolutionProperties) = preSolution
		HideSolutionNode = FALSE
	EndGlobalSection
EndGlobal
